
Microsoft Visual Studio Solution File, Format Version 11.00
# Visual C++ Express 2010
Project("{8BC9CEB8-8B4A-11D0-8D11-00A0C91BC942}") = "DualServer", "DualServer.vcxproj", "{C0AA3E51-59F9-40A9-BCE1-60F71C925F34}"
EndProject
Global
	GlobalSection(SolutionConfigurationPlatforms) = preSolution
		Debug|Win32 = Debug|Win32
		Release|Win32 = Release|Win32
	EndGlobalSection
	GlobalSection(ProjectConfigurationPlatforms) = postSolution
		{C0AA3E51-59F9-40A9-BCE1-60F71C925F34}.Debug|Win32.ActiveCfg = Debug|Win32
		{C0AA3E51-59F9-40A9-BCE1-60F71C925F34}.Debug|Win32.Build.0 = Debug|Win32
		{C0AA3E51-59F9-40A9-BCE1-60F71C925F34}.Release|Win32.ActiveCfg = Release|Win32
		{C0AA3E51-59F9-40A9-BCE1-60F71C925F34}.Release|Win32.Build.0 = Release|Win32
	EndGlobalSection
	GlobalSection(SolutionProperties) = preSolution
		HideSolutionNode = FALSE
	EndGlobalSection
EndGlobal
